GIT
  remote: https://github.com/3scale/ci_reporter_shell.git
  revision: 30b30d655512891f56463e5f1fa125ea1f2df886
  specs:
    ci_reporter_shell (0.1.0)
      ci_reporter (~> 2.0)

GIT
  remote: https://github.com/3scale/font_assets.git
  revision: da97b8601528ee189795cc94b953ec9a30f47e83
  ref: da97b8601528ee189795cc94b953ec9a30f47e83
  specs:
    font_assets (0.1.11)
      rack

GIT
  remote: https://github.com/3scale/json-schema.git
  revision: 26487618a68443e94d623bb585cb464b07d36702
  specs:
    json-schema (3.0.0)
      addressable (>= 2.4)

GIT
  remote: https://github.com/3scale/message_bus_client.git
  revision: d2e7f38c50fc8a0175ca4df4bbee5f2e090b2b77
  specs:
    message_bus_client (0.2.0)
      excon (~> 0.45)

GIT
  remote: https://github.com/3scale/prawn.git
  revision: 88aead0d97e230d08e9f51a18711d01317965bfe
  branch: 0.5.1-3scale
  specs:
    prawn-core (0.5.1.pre.3scale)
      pdf-reader (~> 0.9.0)
      ttfunk (~> 1.0, >= 1.5.1)

GIT
  remote: https://github.com/3scale/rspec-html-matchers.git
  revision: 58b19212afcf66540da729214287d85f586fa7cd
  branch: fix/rspec-3-with-xml-document
  specs:
    rspec-html-matchers (0.9.1)
      nokogiri (~> 1)
      rspec (>= 3.0.0.a, < 4)

GIT
  remote: https://github.com/3scale/source2swagger
  revision: 9a787007577fc58b5822b55720e977cc063057fd
  specs:
    source2swagger (0.0.2)
      json

GIT
  remote: https://github.com/3scale/swagger-ui_rails.git
  revision: f88bb8bed4fdb57fcf5be6425f3fc10c638788d1
  branch: dev-2.1.3
  specs:
    swagger-ui_rails2 (0.1.7)

GIT
  remote: https://github.com/3scale/swagger-ui_rails.git
  revision: 13968af8f2845f448a0b88c4ffe4cf93477c90fa
  branch: dev
  specs:
    swagger-ui_rails (0.1.7)

GIT
  remote: https://github.com/HakubJozak/sour.git
  revision: d2ca8cf7761a664efa4c89cb4b32c55d509ce58d
  specs:
    sour (0.1.3)

GIT
  remote: https://github.com/mikz/httpclient.git
  revision: fec23fb32fb899b87a8b2c94e2d2069b6b4c633c
  branch: ssl-env-cert
  specs:
    httpclient (2.8.3)

PATH
  remote: lib/developer_portal
  specs:
    developer_portal (1.0.0)
      liquid (~> 3.0.6)
      railties (>= 3.2)

PATH
  remote: vendor/active-docs
  specs:
    active-docs (1.0.0)
      railties (> 3.1)

GEM
  remote: https://rubygems.org/
  specs:
    3scale_client (2.11.0)
      nokogiri
    3scale_time_range (0.0.6)
      activesupport (>= 3.2.19)
    Ascii85 (1.0.3)
    RedCloth (4.3.2)
    actioncable (5.0.7.2)
      actionpack (= 5.0.7.2)
      nio4r (>= 1.2, < 3.0)
      websocket-driver (~> 0.6.1)
    actionmailer (5.0.7.2)
      actionpack (= 5.0.7.2)
      actionview (= 5.0.7.2)
      activejob (= 5.0.7.2)
      mail (~> 2.5, >= 2.5.4)
      rails-dom-testing (~> 2.0)
    actionpack (5.0.7.2)
      actionview (= 5.0.7.2)
      activesupport (= 5.0.7.2)
      rack (~> 2.0)
      rack-test (~> 0.6.3)
      rails-dom-testing (~> 2.0)
      rails-html-sanitizer (~> 1.0, >= 1.0.2)
    actionview (5.0.7.2)
      activesupport (= 5.0.7.2)
      builder (~> 3.1)
      erubis (~> 2.7.0)
      rails-dom-testing (~> 2.0)
      rails-html-sanitizer (~> 1.0, >= 1.0.3)
    activejob (5.0.7.2)
      activesupport (= 5.0.7.2)
      globalid (>= 0.3.6)
    activemerchant (1.107.4)
      activesupport (>= 4.2)
      builder (>= 2.1.2, < 4.0.0)
      i18n (>= 0.6.9)
      nokogiri (~> 1.4)
    activemodel (5.0.7.2)
      activesupport (= 5.0.7.2)
    activemodel-serializers-xml (1.0.2)
      activemodel (> 5.x)
      activesupport (> 5.x)
      builder (~> 3.1)
    activerecord (5.0.7.2)
      activemodel (= 5.0.7.2)
      activesupport (= 5.0.7.2)
      arel (~> 7.0)
    activerecord-oracle_enhanced-adapter (1.7.11)
      activerecord (~> 5.0.0)
      arel (~> 7.1.4)
      ruby-plsql (>= 0.5.0)
    activesupport (5.0.7.2)
      concurrent-ruby (~> 1.0, >= 1.0.2)
      i18n (>= 0.7, < 2)
      minitest (~> 5.1)
      tzinfo (~> 1.1)
    acts-as-taggable-on (4.0.0)
      activerecord (>= 4.0)
    acts_as_list (0.9.17)
      activerecord (>= 3.0)
    acts_as_tree (2.9.0)
      activerecord (>= 3.0.0)
    addressable (2.6.0)
      public_suffix (>= 2.0.2, < 4.0)
    after_commit_queue (1.1.0)
      rails (>= 3.0)
    aggregate_root (0.3.6)
      activesupport (>= 3.0)
    analytics-ruby (2.2.8)
    ansi (1.5.0)
    arel (7.1.4)
    ast (2.4.1)
    audited (4.8.0)
      activerecord (>= 4.0, < 5.3)
    aws-sdk (2.11.159)
      aws-sdk-resources (= 2.11.159)
    aws-sdk-core (2.11.159)
      aws-sigv4 (~> 1.0)
      jmespath (~> 1.0)
    aws-sdk-rails (1.0.1)
      aws-sdk-resources (~> 2)
      railties (>= 3)
    aws-sdk-resources (2.11.159)
      aws-sdk-core (= 2.11.159)
    aws-sigv4 (1.0.3)
    baby_squeel (1.3.1)
      activerecord (>= 4.2.0)
      join_dependency (~> 0.1.2)
      polyamorous (~> 1.3)
    backport (1.1.2)
    bcrypt (3.1.13)
    benchmark (0.1.0)
    binding_of_caller (0.8.0)
      debug_inspector (>= 0.0.1)
    bootsnap (1.4.5)
      msgpack (~> 1.0)
    braintree (2.104.1)
      builder (>= 2.0.0)
    browser (2.6.1)
    bugsnag (6.11.1)
      concurrent-ruby (~> 1.0)
    builder (3.2.4)
    bullet (5.6.1)
      activesupport (>= 3.0.0)
      uniform_notifier (~> 1.10.0)
    byebug (11.1.3)
    cancancan (2.3.0)
    capybara (2.18.0)
      addressable
      mini_mime (>= 0.1.3)
      nokogiri (>= 1.3.3)
      rack (>= 1.0.0)
      rack-test (>= 0.5.4)
      xpath (>= 2.0, < 4.0)
    childprocess (3.0.0)
    chronic (0.10.2)
    chunky_png (1.3.10)
    ci_reporter (2.0.0)
      builder (>= 2.1.2)
    climate_control (0.2.0)
    codecov (0.2.6)
      colorize
      json
      simplecov
    codemirror-rails (5.16.0)
      railties (>= 3.0, < 6.0)
    coderay (1.1.3)
    coffee-rails (4.2.2)
      coffee-script (>= 2.2.0)
      railties (>= 4.0.0)
    coffee-script (2.4.1)
      coffee-script-source
      execjs
    coffee-script-source (1.12.2)
    colorize (0.8.1)
    commonmarker (0.21.0)
      ruby-enum (~> 0.5)
    compass (1.0.3)
      chunky_png (~> 1.2)
      compass-core (~> 1.0.2)
      compass-import-once (~> 1.0.5)
      rb-fsevent (>= 0.9.3)
      rb-inotify (>= 0.9)
      sass (>= 3.3.13, < 3.5)
    compass-core (1.0.3)
      multi_json (~> 1.0)
      sass (>= 3.3.0, < 3.5)
    compass-import-once (1.0.5)
      sass (>= 3.2, < 3.5)
    compass-rails (3.0.2)
      compass (~> 1.0.0)
      sass-rails (< 5.1)
      sprockets (< 4.0)
    concurrent-ruby (1.1.7)
    connection_pool (2.2.3)
    crack (0.4.3)
      safe_yaml (~> 1.0.0)
    crass (1.0.6)
    cucumber (2.99.0)
      builder (>= 2.1.2)
      cucumber-core (~> 1.5.0)
      cucumber-wire (~> 0.0.1)
      diff-lcs (>= 1.1.3)
      gherkin (~> 4.0)
      multi_json (>= 1.7.5, < 2.0)
      multi_test (>= 0.1.2)
    cucumber-core (1.5.0)
      gherkin (~> 4.0)
    cucumber-rails (1.5.0)
      capybara (>= 1.1.2, < 3)
      cucumber (>= 1.3.8, < 4)
      mime-types (>= 1.17, < 4)
      nokogiri (~> 1.5)
      railties (>= 4, < 5.2)
    cucumber-wire (0.0.1)
    daemons (1.3.1)
    dalli (2.7.10)
    database_cleaner (1.7.0)
    debug_inspector (0.0.3)
    diff-lcs (1.3)
    diffy (3.2.1)
    disposable (0.1.15)
      representable (>= 2.2.3, < 2.4.0)
      uber
    docile (1.1.5)
    domain_name (0.5.20180417)
      unf (>= 0.0.5, < 1.0.0)
    dotenv (2.7.5)
    dotenv-rails (2.7.5)
      dotenv (= 2.7.5)
      railties (>= 3.2, < 6.1)
    draper (3.0.1)
      actionpack (~> 5.0)
      activemodel (~> 5.0)
      activemodel-serializers-xml (~> 1.0)
      activesupport (~> 5.0)
      request_store (~> 1.0)
    dry-initializer (3.0.4)
    dynamic_form (1.1.4)
    e2mmap (0.1.0)
    email_spec (2.2.0)
      htmlentities (~> 4.3.3)
      launchy (~> 2.1)
      mail (~> 2.7)
    equivalent-xml (0.6.0)
      nokogiri (>= 1.4.3)
    erubis (2.7.0)
    escape_utils (1.2.1)
    et-orbi (1.1.6)
      tzinfo
    eventmachine (1.2.7)
    excon (0.71.0)
    execjs (2.7.0)
    factory_bot (4.11.1)
      activesupport (>= 3.0.0)
    factory_bot_rails (4.11.1)
      factory_bot (~> 4.11.1)
      railties (>= 3.0.0)
    fakefs (0.18.0)
    faraday (0.15.3)
      multipart-post (>= 1.2, < 3)
    faraday_middleware (0.13.1)
      faraday (>= 0.7.4, < 1.0)
    ffi (1.13.1)
    font-awesome-rails (4.7.0.5)
      railties (>= 3.2, < 6.1)
    formtastic (1.2.4)
      actionpack (>= 2.3.7)
      activesupport (>= 2.3.7)
      i18n (~> 0.4)
    fugit (1.1.6)
      et-orbi (~> 1.1, >= 1.1.6)
      raabro (~> 1.1)
    gherkin (4.1.3)
    github-markdown (0.6.9)
    globalid (0.4.2)
      activesupport (>= 4.2.0)
    gruff (0.7.0)
      rmagick (~> 2.13, >= 2.13.4)
    has_scope (0.7.2)
      actionpack (>= 4.1)
      activesupport (>= 4.1)
    hashdiff (0.3.9)
    hashie (3.6.0)
    hiredis (0.6.3)
    html-pipeline (2.12.3)
      activesupport (>= 2)
      nokogiri (>= 1.4)
    htmlentities (4.3.4)
    http (2.2.2)
      addressable (~> 2.3)
      http-cookie (~> 1.0)
      http-form_data (~> 1.0.1)
      http_parser.rb (~> 0.6.0)
    http-cookie (1.0.3)
      domain_name (~> 0.5)
    http-form_data (1.0.3)
    http_parser.rb (0.6.0)
    i18n (0.9.5)
      concurrent-ruby (~> 1.0)
    inherited_resources (1.7.2)
      actionpack (>= 3.2, < 5.2.x)
      has_scope (~> 0.6)
      railties (>= 3.2, < 5.2.x)
      responders
    injectedlogger (0.0.13)
    innertube (1.1.0)
    jaro_winkler (1.5.4)
    jmespath (1.4.0)
    join_dependency (0.1.4)
      activerecord (>= 4.2.0)
    joiner (0.3.4)
      activerecord (>= 4.1.0)
    jquery-rails (4.3.5)
      rails-dom-testing (>= 1, < 3)
      railties (>= 4.2.0)
      thor (>= 0.14, < 2.0)
    json (1.8.6)
    jwt (1.5.6)
    kgio (2.11.3)
    kubeclient (2.5.2)
      http (>= 0.98, < 3)
      recursive-open-struct (~> 1.0.0)
      rest-client
    launchy (2.4.3)
      addressable (~> 2.3)
    license_finder (5.5.2)
      bundler
      rubyzip
      thor
      toml (= 0.2.0)
      with_env (= 1.1.0)
      xml-simple
    liquid (3.0.6)
    listen (3.2.1)
      rb-fsevent (~> 0.10, >= 0.10.3)
      rb-inotify (~> 0.9, >= 0.9.10)
    loofah (2.7.0)
      crass (~> 1.0.2)
      nokogiri (>= 1.5.9)
    mail (2.7.1)
      mini_mime (>= 0.1.1)
    mail_view (2.0.4)
      tilt
    maruku (0.7.3)
    mechanize (2.7.6)
      domain_name (~> 0.5, >= 0.5.1)
      http-cookie (~> 1.0)
      mime-types (>= 1.17.2)
      net-http-digest_auth (~> 1.1, >= 1.1.1)
      net-http-persistent (>= 2.5.2)
      nokogiri (~> 1.6)
      ntlm-http (~> 0.1, >= 0.1.1)
      webrobots (>= 0.0.9, < 0.2)
    message_bus (2.0.9)
      rack (>= 1.1.3)
    metaclass (0.0.4)
    method_source (1.0.0)
    middleware (0.1.0)
    mime-types (2.99.3)
    mimemagic (0.3.2)
    mini_mime (1.0.2)
    mini_portile2 (2.4.0)
    minitest (5.10.3)
    minitest-reporters (1.3.8)
      ansi
      builder
      minitest (>= 5.0)
      ruby-progressbar
    minitest-stub-const (0.6)
    mocha (1.1.0)
      metaclass (~> 0.0.1)
    msgpack (1.3.1)
    multi_json (1.14.1)
    multi_test (0.1.2)
    multi_xml (0.6.0)
    multipart-post (2.1.1)
    mustache (1.1.0)
    mustermann (1.0.3)
    mysql2 (0.5.3)
    net-http-digest_auth (1.4.1)
    net-http-persistent (3.0.0)
      connection_pool (~> 2.2)
    netrc (0.11.0)
    nio4r (2.5.2)
    nokogiri (1.10.10)
      mini_portile2 (~> 2.4.0)
    non-stupid-digest-assets (1.0.9)
      sprockets (>= 2.0)
    ntlm-http (0.1.1)
    oauth2 (1.4.3)
      faraday (>= 0.8, < 2.0)
      jwt (>= 1.0, < 3.0)
      multi_json (~> 1.3)
      multi_xml (~> 0.5)
      rack (>= 1.2, < 3)
    open_id_authentication (1.3.0)
      rack-openid (~> 1.3)
    paperclip (5.3.0)
      activemodel (>= 4.2.0)
      activesupport (>= 4.2.0)
      mime-types
      mimemagic (~> 0.3.0)
      terrapin (~> 0.6.0)
    parallel (1.20.0)
    parser (2.7.2.0)
      ast (~> 2.4.1)
    parslet (1.8.2)
    pdf-reader (0.9.3)
      Ascii85 (>= 0.9)
    pg (0.21.0)
    pisoni (1.29.0)
      faraday (>= 0.9.1)
      injectedlogger (>= 0.0.13)
      json (>= 1.8.1)
      net-http-persistent
    polyamorous (1.3.3)
      activerecord (>= 3.0)
    prawn-format (0.2.1)
      prawn-core
    prawn-layout (0.2.1)
    prometheus-client-mmap (0.11.0)
    protected_attributes_continued (1.3.0)
      activemodel (~> 5.0)
    pry (0.13.1)
      coderay (~> 1.1)
      method_source (~> 1.0)
    pry-byebug (3.9.0)
      byebug (~> 11.0)
      pry (~> 0.13.0)
    pry-doc (1.1.0)
      pry (~> 0.11)
      yard (~> 0.9.11)
    pry-rails (0.3.9)
      pry (>= 0.10.4)
    pry-stack_explorer (0.4.12)
      binding_of_caller (~> 0.7)
      pry (~> 0.13)
    public_suffix (3.1.1)
    raabro (1.1.6)
    rack (2.1.4)
    rack-no_animations (1.0.3)
    rack-openid (1.4.2)
      rack (>= 1.1.0)
      ruby-openid (>= 2.1.8)
    rack-protection (2.0.4)
      rack
    rack-proxy (0.6.5)
      rack
    rack-test (0.6.3)
      rack (>= 1.0)
    rack-utf8_sanitizer (1.6.0)
      rack (>= 1.0, < 3.0)
    rack-x_served_by (0.1.1)
    rails (5.0.7.2)
      actioncable (= 5.0.7.2)
      actionmailer (= 5.0.7.2)
      actionpack (= 5.0.7.2)
      actionview (= 5.0.7.2)
      activejob (= 5.0.7.2)
      activemodel (= 5.0.7.2)
      activerecord (= 5.0.7.2)
      activesupport (= 5.0.7.2)
      bundler (>= 1.3.0)
      railties (= 5.0.7.2)
      sprockets-rails (>= 2.0.0)
    rails-controller-testing (1.0.2)
      actionpack (~> 5.x, >= 5.0.1)
      actionview (~> 5.x, >= 5.0.1)
      activesupport (~> 5.x)
    rails-dom-testing (2.0.3)
      activesupport (>= 4.2.0)
      nokogiri (>= 1.6)
    rails-html-sanitizer (1.3.0)
      loofah (~> 2.3)
    rails-observers (0.1.5)
      activemodel (>= 4.0)
    rails_event_store (0.9.0)
      activemodel (>= 3.0)
      activesupport (>= 3.0)
      aggregate_root (~> 0.3.1)
      rails_event_store_active_record (~> 0.6.3)
      ruby_event_store (~> 0.9.0)
    rails_event_store_active_record (0.6.3)
      activemodel (>= 3.0)
      activesupport (>= 3.0)
      ruby_event_store (~> 0.9.0)
    railties (5.0.7.2)
      actionpack (= 5.0.7.2)
      activesupport (= 5.0.7.2)
      method_source
      rake (>= 0.8.7)
      thor (>= 0.18.1, < 2.0)
    rainbow (3.0.0)
    raindrops (0.19.0)
    rake (13.0.1)
    ratelimit (1.0.3)
      redis (>= 2.0.0)
      redis-namespace (>= 1.0.0)
    rb-fsevent (0.10.3)
    rb-inotify (0.10.1)
      ffi (~> 1.0)
    recaptcha (4.13.1)
      json
    record_tag_helper (1.0.1)
      actionview (>= 5)
    recursive-open-struct (1.0.5)
    redcarpet (3.5.1)
    redis (4.1.4)
    redis-namespace (1.7.0)
      redis (>= 3.0.4)
    redis-prescription (1.0.0)
    reform (2.0.5)
      disposable (~> 0.1.11)
      uber (~> 0.0.11)
    regexp_parser (1.8.2)
    representable (2.3.0)
      uber (~> 0.0.7)
    request_store (1.4.1)
      rack (>= 1.4)
    responders (2.4.0)
      actionpack (>= 4.2.0, < 5.3)
      railties (>= 4.2.0, < 5.3)
    rest-client (2.0.2)
      http-cookie (>= 1.0.2, < 2.0)
      mime-types (>= 1.16, < 4.0)
      netrc (~> 0.8)
    reverse_markdown (2.0.0)
      nokogiri
    rexml (3.2.4)
    riddle (2.4.0)
    rmagick (2.15.4)
    roar (1.0.4)
      representable (>= 2.0.1, < 2.4.0)
    roar-rails (1.0.2)
      actionpack
      railties (>= 3.0.0)
      responders
      roar (~> 1.0.4)
      test_xml (>= 0.1.6)
      uber (~> 0.0.7)
    rspec (3.8.0)
      rspec-core (~> 3.8.0)
      rspec-expectations (~> 3.8.0)
      rspec-mocks (~> 3.8.0)
    rspec-core (3.8.0)
      rspec-support (~> 3.8.0)
    rspec-expectations (3.8.2)
      diff-lcs (>= 1.2.0, < 2.0)
      rspec-support (~> 3.8.0)
    rspec-mocks (3.8.0)
      diff-lcs (>= 1.2.0, < 2.0)
      rspec-support (~> 3.8.0)
    rspec-rails (3.8.2)
      actionpack (>= 3.0)
      activesupport (>= 3.0)
      railties (>= 3.0)
      rspec-core (~> 3.8.0)
      rspec-expectations (~> 3.8.0)
      rspec-mocks (~> 3.8.0)
      rspec-support (~> 3.8.0)
    rspec-support (3.8.0)
    rspec_api_documentation (6.1.0)
      activesupport (>= 3.0.0)
      mustache (~> 1.0, >= 0.99.4)
      rspec (~> 3.0)
    rspec_junit_formatter (0.4.1)
      rspec-core (>= 2, < 4, != 2.12.0)
    rubocop (0.93.1)
      parallel (~> 1.10)
      parser (>= 2.7.1.5)
      rainbow (>= 2.2.2, < 4.0)
      regexp_parser (>= 1.8)
      rexml
      rubocop-ast (>= 0.6.0)
      ruby-progressbar (~> 1.7)
      unicode-display_width (>= 1.4.0, < 2.0)
    rubocop-ast (1.1.1)
      parser (>= 2.7.1.5)
    rubocop-performance (1.8.1)
      rubocop (>= 0.87.0)
      rubocop-ast (>= 0.4.0)
    rubocop-rails (2.8.1)
      activesupport (>= 4.2.0)
      rack (>= 1.1)
      rubocop (>= 0.87.0)
    ruby-enum (0.7.2)
      i18n
    ruby-oci8 (2.2.6.1)
      i18n
    ruby-openid (2.9.2)
    ruby-plsql (0.7.1)
    ruby-prof (0.17.0)
    ruby-progressbar (1.10.1)
    ruby_event_store (0.9.0)
    rubyzip (1.3.0)
    safe_yaml (1.0.5)
    sass (3.4.25)
    sass-rails (5.0.7)
      railties (>= 4.0.0, < 6)
      sass (~> 3.1)
      sprockets (>= 2.8, < 4.0)
      sprockets-rails (>= 2.0, < 4.0)
      tilt (>= 1.1, < 3)
    secure_headers (6.3.0)
    selenium-webdriver (3.142.7)
      childprocess (>= 0.5, < 4.0)
      rubyzip (>= 1.2.2)
    shoulda (3.5.0)
      shoulda-context (~> 1.0, >= 1.0.1)
      shoulda-matchers (>= 1.4.1, < 3.0)
    shoulda-context (1.2.2)
    shoulda-matchers (2.8.0)
      activesupport (>= 3.0.0)
    sidekiq (5.2.9)
      connection_pool (~> 2.2, >= 2.2.2)
      rack (~> 2.0)
      rack-protection (>= 1.5.0)
      redis (>= 3.3.5, < 4.2)
    sidekiq-batch (0.1.6)
      sidekiq (>= 3)
    sidekiq-cron (1.0.4)
      fugit (~> 1.1)
      sidekiq (>= 4.2.1)
    sidekiq-lock (0.4.0)
      redis (>= 3.0.5)
      sidekiq (>= 2.14.0)
    sidekiq-prometheus-exporter (0.1.13)
      sidekiq (>= 3.3.1)
    sidekiq-throttled (0.11.0)
      concurrent-ruby
      redis-prescription
      sidekiq
    simplecov (0.10.0)
      docile (~> 1.1.0)
      json (~> 1.8)
      simplecov-html (~> 0.10.0)
    simplecov-html (0.10.2)
    sinatra (2.0.4)
      mustermann (~> 1.0)
      rack (~> 2.0)
      rack-protection (= 2.0.4)
      tilt (~> 2.0)
    slim (4.0.1)
      temple (>= 0.7.6, < 0.9)
      tilt (>= 2.0.6, < 2.1)
    slim-rails (3.2.0)
      actionpack (>= 3.1)
      railties (>= 3.1)
      slim (>= 3.0, < 5.0)
    solargraph (0.39.17)
      backport (~> 1.1)
      benchmark
      bundler (>= 1.17.2)
      e2mmap
      jaro_winkler (~> 1.5)
      maruku (~> 0.7, >= 0.7.3)
      nokogiri (~> 1.9, >= 1.9.1)
      parser (~> 2.3)
      reverse_markdown (>= 1.0.5, < 3)
      rubocop (~> 0.52)
      thor (~> 1.0)
      tilt (~> 2.0)
      yard (~> 0.9, >= 0.9.24)
    sprockets (3.7.2)
      concurrent-ruby (~> 1.0)
      rack (> 1, < 3)
    sprockets-rails (3.2.1)
      actionpack (>= 4.0)
      activesupport (>= 4.0)
      sprockets (>= 3.0.0)
    state_machines (0.5.0)
    state_machines-activemodel (0.5.1)
      activemodel (>= 4.1, < 6.0)
      state_machines (>= 0.5.0)
    state_machines-activerecord (0.5.2)
      activerecord (>= 4.1, < 6.0)
      state_machines-activemodel (>= 0.5.0)
    statsd-ruby (1.4.0)
    stripe (5.28.0)
    strong_migrations (0.6.8)
      activerecord (>= 5)
    temple (0.8.1)
    terrapin (0.6.0)
      climate_control (>= 0.0.3, < 1.0)
    test_xml (0.1.8)
      diffy (~> 3.0)
      nokogiri (>= 1.3.2)
    thin (1.7.2)
      daemons (~> 1.0, >= 1.0.9)
      eventmachine (~> 1.0, >= 1.0.4)
      rack (>= 1, < 3)
    thinking-sphinx (3.4.2)
      activerecord (>= 3.1.0)
      builder (>= 2.1.2)
      innertube (>= 1.0.2)
      joiner (>= 0.2.0)
      middleware (>= 0.1.0)
      riddle (>= 2.0.0)
    thor (1.0.1)
    thread_safe (0.3.6)
    tilt (2.0.9)
    timecop (0.9.1)
    toml (0.2.0)
      parslet (~> 1.8.0)
    ts-datetime-delta (2.0.2)
      thinking-sphinx (>= 1.3.8)
    ttfunk (1.5.1)
    tzinfo (1.2.7)
      thread_safe (~> 0.1)
    uber (0.0.15)
    uglifier (4.1.19)
      execjs (>= 0.3.0, < 3)
    unf (0.1.4)
      unf_ext
    unf_ext (0.0.7.6)
    unicode-display_width (1.7.0)
    unicorn (5.4.1)
      kgio (~> 2.6)
      raindrops (~> 0.7)
    unicorn-rails (2.2.1)
      rack
      unicorn
    uniform_notifier (1.10.0)
    webmock (2.3.2)
      addressable (>= 2.3.6)
      crack (>= 0.3.2)
      hashdiff
    webpacker (4.3.0)
      activesupport (>= 4.2)
      rack-proxy (>= 0.6.1)
      railties (>= 4.2)
    webrobots (0.1.2)
    websocket-driver (0.6.5)
      websocket-extensions (>= 0.1.0)
    websocket-extensions (0.1.5)
    whenever (0.9.7)
      chronic (>= 0.6.3)
    will_paginate (3.1.6)
    with_env (1.1.0)
    xml-simple (1.1.5)
    xpath (2.1.0)
      nokogiri (~> 1.3)
    yabeda (0.8.0)
      concurrent-ruby
      dry-initializer
    yabeda-prometheus-mmap (0.1.1)
      prometheus-client-mmap
      yabeda (~> 0.5)
    yabeda-rails (0.6.0)
      rails
      yabeda (~> 0.4)
    yabeda-sidekiq (0.7.0)
      sidekiq
      yabeda (~> 0.6)
    yard (0.9.25)
    zip-zip (0.3)
      rubyzip (>= 1.0.0)

PLATFORMS
  ruby

DEPENDENCIES
  3scale_client (~> 2.11)
  3scale_time_range (= 0.0.6)
  RedCloth (~> 4.3)
  active-docs!
  activemerchant (~> 1.107.4)
  activemodel-serializers-xml
  activerecord-oracle_enhanced-adapter (~> 1.7.0)
  acts-as-taggable-on (~> 4.0)
  acts_as_list (~> 0.9.17)
  acts_as_tree
  addressable
  after_commit_queue (~> 1.1.0)
  analytics-ruby
  audited
  aws-sdk (~> 2)
  aws-sdk-rails (~> 1.0)
  baby_squeel (~> 1.3.1)
  bcrypt (~> 3.1.7)
  bootsnap (~> 1.4)
  braintree (~> 2.93)
  browser
  bugsnag (~> 6.11)
  bullet (~> 5.6)
  cancancan (~> 2.3.0)
  capybara (~> 2.18)!
  childprocess
  chronic
  ci_reporter_shell!
  codecov
  codemirror-rails (~> 5.6)
  coffee-rails (~> 4.2)
  colorize
  commonmarker
  compass-rails (~> 3.0.2)
  cucumber (~> 2.0)
  cucumber-rails
  dalli (~> 2.7)
  database_cleaner (~> 1.7)
  developer_portal!
  diff-lcs (~> 1.2)
  dotenv-rails (~> 2.7)
  draper (~> 3.0)
  dynamic_form
  email_spec
  equivalent-xml
  escape_utils
  factory_bot_rails (~> 4.11.1)
  fakefs (~> 0.18.0)
  faraday (~> 0.15.3)
  faraday_middleware (~> 0.13.1)
  font-awesome-rails (~> 4.7.0.5)
  font_assets!
  formtastic (~> 1.2.4)
  github-markdown
  gruff (~> 0.3)
  hashie
  hiredis (~> 0.6.3)
  html-pipeline
  htmlentities (~> 4.3, >= 4.3.4)
  httpclient!
  i18n
  inherited_resources (~> 1.7.2)
  jquery-rails (~> 4.3)
  json (~> 1.8.1)
  json-schema!
  jwt (~> 1.5.2)
  kubeclient
  launchy
  license_finder (~> 5.5.2)
  listen
  mail_view (~> 2.0.4)
  mechanize
  message_bus (~> 2.0.2)
  message_bus_client!
  minitest (= 5.10.3)
  minitest-reporters
  minitest-stub-const
  mocha (~> 1.1.0)
  mysql2 (~> 0.5.3)
  nokogiri (>= 1.6.8)
  non-stupid-digest-assets (~> 1.0)
  oauth2 (~> 1.4)
  open_id_authentication
  paperclip (~> 5.3.0)
  pg (~> 0.21.0)
  pisoni (~> 1.29)
  prawn-core!
  prawn-format (= 0.2.1)
  prawn-layout (= 0.2.1)
  protected_attributes_continued (~> 1.3.0)
  pry-byebug (>= 3.7.0)
  pry-doc (>= 0.8)
  pry-rails
  pry-stack_explorer
  rack (~> 2.1.4)
  rack-no_animations (~> 1.0.3)
  rack-utf8_sanitizer
  rack-x_served_by (~> 0.1.1)
  rails (~> 5.0.7)
  rails-controller-testing
  rails-observers
  rails_event_store (~> 0.9.0)
  ratelimit
  recaptcha (= 4.13.1)
  record_tag_helper (~> 1.0)
  redcarpet (~> 3.5.1)
  redis (~> 4.1.3)
  redis-namespace (~> 1.7.0)
  reform (~> 2.0.3)
  rest-client (~> 2.0.2)
  rmagick (~> 2.15.3)
  roar-rails
  rspec-html-matchers!
  rspec-rails (~> 3.8)
  rspec_api_documentation
  rspec_junit_formatter
  rubocop (~> 0.92)
  rubocop-performance
  rubocop-rails
  ruby-oci8
  ruby-openid
  ruby-prof
  rubyzip (~> 1.3.0)
  sass-rails (~> 5.0)
  secure_headers (~> 6.3.0)
  selenium-webdriver (~> 3.142)
  shoulda (~> 3.5.0)
  shoulda-context (~> 1.2.2)
  shoulda-matchers (~> 2.8.0)
  sidekiq (< 6)
  sidekiq-batch (~> 0.1.6)
  sidekiq-cron
  sidekiq-lock
  sidekiq-prometheus-exporter
  sidekiq-throttled
  simplecov (~> 0.10.0)
  sinatra
  slim-rails (~> 3.2)
  solargraph
  sour!
  source2swagger!
  sprockets-rails
  state_machines (~> 0.5.0)
  state_machines-activerecord (~> 0.5.0)
  statsd-ruby
  stripe (~> 5.28.0)
  strong_migrations (~> 0.6.8)
  swagger-ui_rails!
  swagger-ui_rails2!
  thin
  thinking-sphinx (~> 3.0)
  timecop (~> 0.9)
  ts-datetime-delta
  uglifier
  unicorn
  unicorn-rails
  webmock (~> 2.3.2)
  webpacker (~> 4)
  whenever (~> 0.9.7)
  will_paginate (~> 3.1.6)
  xpath (~> 2.1)
  yabeda-prometheus-mmap
  yabeda-rails
  yabeda-sidekiq
  yard
  zip-zip

BUNDLED WITH
   1.17.3
